// !$*UTF8*$!
{
	archiveVersion = 1;
	classes = {
	};
	objectVersion = 55;
	objects = {

/* Begin PBXBuildFile section */
		0A2EF0F12886A0F80052B607 /* Shopping.storyboard in Resources */ = {isa = PBXBuildFile; fileRef = 0A2EF0F02886A0F80052B607 /* Shopping.storyboard */; };
		0A2EF0F42886A1230052B607 /* ShoppingTableViewController.swift in Sources */ = {isa = PBXBuildFile; fileRef = 0A2EF0F32886A1230052B607 /* ShoppingTableViewController.swift */; };
		0A2EF0F62886A9640052B607 /* UITableViewCell+Extension.swift in Sources */ = {isa = PBXBuildFile; fileRef = 0A2EF0F52886A9640052B607 /* UITableViewCell+Extension.swift */; };
		0A457EDE2886C4230003A12E /* ChecklistTableViewCell.swift in Sources */ = {isa = PBXBuildFile; fileRef = 0A457EDD2886C4230003A12E /* ChecklistTableViewCell.swift */; };
		0A457EE02886C8370003A12E /* UIView+Extension.swift in Sources */ = {isa = PBXBuildFile; fileRef = 0A457EDF2886C8370003A12E /* UIView+Extension.swift */; };
		0A457EE22886CA610003A12E /* UIColor+Extension.swift in Sources */ = {isa = PBXBuildFile; fileRef = 0A457EE12886CA610003A12E /* UIColor+Extension.swift */; };
		0A457EE52886CD5F0003A12E /* UIButton+Extension.swift in Sources */ = {isa = PBXBuildFile; fileRef = 0A457EE42886CD5F0003A12E /* UIButton+Extension.swift */; };
		0A8E2A622884F10F0042442C /* Home.storyboard in Resources */ = {isa = PBXBuildFile; fileRef = 0A8E2A612884F10F0042442C /* Home.storyboard */; };
		0A8E2A642884FE340042442C /* HomeTableViewController.swift in Sources */ = {isa = PBXBuildFile; fileRef = 0A8E2A632884FE340042442C /* HomeTableViewController.swift */; };
		0A8E2A6628850FD00042442C /* Settings.storyboard in Resources */ = {isa = PBXBuildFile; fileRef = 0A8E2A6528850FD00042442C /* Settings.storyboard */; };
		0A8E2A6828853BB30042442C /* SettingsTableViewController.swift in Sources */ = {isa = PBXBuildFile; fileRef = 0A8E2A6728853BB30042442C /* SettingsTableViewController.swift */; };
		0A8E2A6A288640260042442C /* Search.storyboard in Resources */ = {isa = PBXBuildFile; fileRef = 0A8E2A69288640250042442C /* Search.storyboard */; };
		0A8E2A6C288640540042442C /* Trending.storyboard in Resources */ = {isa = PBXBuildFile; fileRef = 0A8E2A6B288640530042442C /* Trending.storyboard */; };
		0A8E2A6E288640820042442C /* Intro.storyboard in Resources */ = {isa = PBXBuildFile; fileRef = 0A8E2A6D288640820042442C /* Intro.storyboard */; };
		0A8E2A70288643FF0042442C /* TrendingViewController.swift in Sources */ = {isa = PBXBuildFile; fileRef = 0A8E2A6F288643FF0042442C /* TrendingViewController.swift */; };
		0A8E2A72288644180042442C /* SearchViewController.swift in Sources */ = {isa = PBXBuildFile; fileRef = 0A8E2A71288644180042442C /* SearchViewController.swift */; };
		0A8E2A742886451C0042442C /* UIViewController+Extension.swift in Sources */ = {isa = PBXBuildFile; fileRef = 0A8E2A732886451C0042442C /* UIViewController+Extension.swift */; };
		0A8E2A76288647920042442C /* UITextField+Extension.swift in Sources */ = {isa = PBXBuildFile; fileRef = 0A8E2A75288647920042442C /* UITextField+Extension.swift */; };
		0A8E2A7828864BAC0042442C /* BucketListTableViewController.swift in Sources */ = {isa = PBXBuildFile; fileRef = 0A8E2A7728864BAC0042442C /* BucketListTableViewController.swift */; };
		0A8E2A7A28864DA00042442C /* BucketListTableViewCell.swift in Sources */ = {isa = PBXBuildFile; fileRef = 0A8E2A7928864D9F0042442C /* BucketListTableViewCell.swift */; };
		0A9588B52884DDD400CE3512 /* AppDelegate.swift in Sources */ = {isa = PBXBuildFile; fileRef = 0A9588B42884DDD400CE3512 /* AppDelegate.swift */; };
		0A9588B72884DDD400CE3512 /* SceneDelegate.swift in Sources */ = {isa = PBXBuildFile; fileRef = 0A9588B62884DDD400CE3512 /* SceneDelegate.swift */; };
		0A9588B92884DDD400CE3512 /* ViewController.swift in Sources */ = {isa = PBXBuildFile; fileRef = 0A9588B82884DDD400CE3512 /* ViewController.swift */; };
		0A9588BC2884DDD400CE3512 /* Main.storyboard in Resources */ = {isa = PBXBuildFile; fileRef = 0A9588BA2884DDD400CE3512 /* Main.storyboard */; };
		0A9588BE2884DDD600CE3512 /* Assets.xcassets in Resources */ = {isa = PBXBuildFile; fileRef = 0A9588BD2884DDD600CE3512 /* Assets.xcassets */; };
		0A9588C12884DDD600CE3512 /* LaunchScreen.storyboard in Resources */ = {isa = PBXBuildFile; fileRef = 0A9588BF2884DDD600CE3512 /* LaunchScreen.storyboard */; };
/* End PBXBuildFile section */

/* Begin PBXFileReference section */
		0A2EF0F02886A0F80052B607 /* Shopping.storyboard */ = {isa = PBXFileReference; lastKnownFileType = file.storyboard; path = Shopping.storyboard; sourceTree = "<group>"; };
		0A2EF0F32886A1230052B607 /* ShoppingTableViewController.swift */ = {isa = PBXFileReference; lastKnownFileType = sourcecode.swift; path = ShoppingTableViewController.swift; sourceTree = "<group>"; };
		0A2EF0F52886A9640052B607 /* UITableViewCell+Extension.swift */ = {isa = PBXFileReference; lastKnownFileType = sourcecode.swift; path = "UITableViewCell+Extension.swift"; sourceTree = "<group>"; };
		0A457EDD2886C4230003A12E /* ChecklistTableViewCell.swift */ = {isa = PBXFileReference; lastKnownFileType = sourcecode.swift; path = ChecklistTableViewCell.swift; sourceTree = "<group>"; };
		0A457EDF2886C8370003A12E /* UIView+Extension.swift */ = {isa = PBXFileReference; lastKnownFileType = sourcecode.swift; path = "UIView+Extension.swift"; sourceTree = "<group>"; };
		0A457EE12886CA610003A12E /* UIColor+Extension.swift */ = {isa = PBXFileReference; lastKnownFileType = sourcecode.swift; path = "UIColor+Extension.swift"; sourceTree = "<group>"; };
		0A457EE42886CD5F0003A12E /* UIButton+Extension.swift */ = {isa = PBXFileReference; lastKnownFileType = sourcecode.swift; path = "UIButton+Extension.swift"; sourceTree = "<group>"; };
		0A8E2A612884F10F0042442C /* Home.storyboard */ = {isa = PBXFileReference; lastKnownFileType = file.storyboard; path = Home.storyboard; sourceTree = "<group>"; };
		0A8E2A632884FE340042442C /* HomeTableViewController.swift */ = {isa = PBXFileReference; lastKnownFileType = sourcecode.swift; path = HomeTableViewController.swift; sourceTree = "<group>"; };
		0A8E2A6528850FD00042442C /* Settings.storyboard */ = {isa = PBXFileReference; lastKnownFileType = file.storyboard; path = Settings.storyboard; sourceTree = "<group>"; };
		0A8E2A6728853BB30042442C /* SettingsTableViewController.swift */ = {isa = PBXFileReference; lastKnownFileType = sourcecode.swift; path = SettingsTableViewController.swift; sourceTree = "<group>"; };
		0A8E2A69288640250042442C /* Search.storyboard */ = {isa = PBXFileReference; lastKnownFileType = file.storyboard; path = Search.storyboard; sourceTree = "<group>"; };
		0A8E2A6B288640530042442C /* Trending.storyboard */ = {isa = PBXFileReference; lastKnownFileType = file.storyboard; path = Trending.storyboard; sourceTree = "<group>"; };
		0A8E2A6D288640820042442C /* Intro.storyboard */ = {isa = PBXFileReference; lastKnownFileType = file.storyboard; path = Intro.storyboard; sourceTree = "<group>"; };
		0A8E2A6F288643FF0042442C /* TrendingViewController.swift */ = {isa = PBXFileReference; lastKnownFileType = sourcecode.swift; path = TrendingViewController.swift; sourceTree = "<group>"; };
		0A8E2A71288644180042442C /* SearchViewController.swift */ = {isa = PBXFileReference; lastKnownFileType = sourcecode.swift; path = SearchViewController.swift; sourceTree = "<group>"; };
		0A8E2A732886451C0042442C /* UIViewController+Extension.swift */ = {isa = PBXFileReference; lastKnownFileType = sourcecode.swift; path = "UIViewController+Extension.swift"; sourceTree = "<group>"; };
		0A8E2A75288647920042442C /* UITextField+Extension.swift */ = {isa = PBXFileReference; lastKnownFileType = sourcecode.swift; path = "UITextField+Extension.swift"; sourceTree = "<group>"; };
		0A8E2A7728864BAC0042442C /* BucketListTableViewController.swift */ = {isa = PBXFileReference; lastKnownFileType = sourcecode.swift; path = BucketListTableViewController.swift; sourceTree = "<group>"; };
		0A8E2A7928864D9F0042442C /* BucketListTableViewCell.swift */ = {isa = PBXFileReference; lastKnownFileType = sourcecode.swift; path = BucketListTableViewCell.swift; sourceTree = "<group>"; };
		0A9588B12884DDD400CE3512 /* TrendingMedia.app */ = {isa = PBXFileReference; explicitFileType = wrapper.application; includeInIndex = 0; path = TrendingMedia.app; sourceTree = BUILT_PRODUCTS_DIR; };
		0A9588B42884DDD400CE3512 /* AppDelegate.swift */ = {isa = PBXFileReference; lastKnownFileType = sourcecode.swift; path = AppDelegate.swift; sourceTree = "<group>"; };
		0A9588B62884DDD400CE3512 /* SceneDelegate.swift */ = {isa = PBXFileReference; lastKnownFileType = sourcecode.swift; path = SceneDelegate.swift; sourceTree = "<group>"; };
		0A9588B82884DDD400CE3512 /* ViewController.swift */ = {isa = PBXFileReference; lastKnownFileType = sourcecode.swift; path = ViewController.swift; sourceTree = "<group>"; };
		0A9588BB2884DDD400CE3512 /* Base */ = {isa = PBXFileReference; lastKnownFileType = file.storyboard; name = Base; path = Base.lproj/Main.storyboard; sourceTree = "<group>"; };
		0A9588BD2884DDD600CE3512 /* Assets.xcassets */ = {isa = PBXFileReference; lastKnownFileType = folder.assetcatalog; path = Assets.xcassets; sourceTree = "<group>"; };
		0A9588C02884DDD600CE3512 /* Base */ = {isa = PBXFileReference; lastKnownFileType = file.storyboard; name = Base; path = Base.lproj/LaunchScreen.storyboard; sourceTree = "<group>"; };
		0A9588C22884DDD600CE3512 /* Info.plist */ = {isa = PBXFileReference; lastKnownFileType = text.plist.xml; path = Info.plist; sourceTree = "<group>"; };
/* End PBXFileReference section */

/* Begin PBXFrameworksBuildPhase section */
		0A9588AE2884DDD400CE3512 /* Frameworks */ = {
			isa = PBXFrameworksBuildPhase;
			buildActionMask = 2147483647;
			files = (
			);
			runOnlyForDeploymentPostprocessing = 0;
		};
/* End PBXFrameworksBuildPhase section */

/* Begin PBXGroup section */
		0A2EF0EC2886A00B0052B607 /* Extensions */ = {
			isa = PBXGroup;
			children = (
				0A8E2A732886451C0042442C /* UIViewController+Extension.swift */,
				0A8E2A75288647920042442C /* UITextField+Extension.swift */,
				0A457EE42886CD5F0003A12E /* UIButton+Extension.swift */,
				0A2EF0F52886A9640052B607 /* UITableViewCell+Extension.swift */,
				0A457EDF2886C8370003A12E /* UIView+Extension.swift */,
				0A457EE12886CA610003A12E /* UIColor+Extension.swift */,
			);
			path = Extensions;
			sourceTree = "<group>";
		};
		0A2EF0ED2886A0210052B607 /* Search */ = {
			isa = PBXGroup;
			children = (
				0A8E2A69288640250042442C /* Search.storyboard */,
				0A8E2A71288644180042442C /* SearchViewController.swift */,
			);
			path = Search;
			sourceTree = "<group>";
		};
		0A2EF0EE2886A0320052B607 /* Trending */ = {
			isa = PBXGroup;
			children = (
				0A8E2A6B288640530042442C /* Trending.storyboard */,
				0A8E2A6F288643FF0042442C /* TrendingViewController.swift */,
				0A8E2A7728864BAC0042442C /* BucketListTableViewController.swift */,
				0A8E2A7928864D9F0042442C /* BucketListTableViewCell.swift */,
			);
			path = Trending;
			sourceTree = "<group>";
		};
		0A2EF0EF2886A0810052B607 /* Settings */ = {
			isa = PBXGroup;
			children = (
				0A8E2A6528850FD00042442C /* Settings.storyboard */,
				0A8E2A6728853BB30042442C /* SettingsTableViewController.swift */,
			);
			path = Settings;
			sourceTree = "<group>";
		};
		0A2EF0F22886A1030052B607 /* Shopping */ = {
			isa = PBXGroup;
			children = (
				0A2EF0F02886A0F80052B607 /* Shopping.storyboard */,
				0A2EF0F32886A1230052B607 /* ShoppingTableViewController.swift */,
				0A457EDD2886C4230003A12E /* ChecklistTableViewCell.swift */,
			);
			path = Shopping;
			sourceTree = "<group>";
		};
		0A9588A82884DDD400CE3512 = {
			isa = PBXGroup;
			children = (
				0A9588B32884DDD400CE3512 /* TrendingMedia */,
				0A9588B22884DDD400CE3512 /* Products */,
			);
			sourceTree = "<group>";
		};
		0A9588B22884DDD400CE3512 /* Products */ = {
			isa = PBXGroup;
			children = (
				0A9588B12884DDD400CE3512 /* TrendingMedia.app */,
			);
			name = Products;
			sourceTree = "<group>";
		};
		0A9588B32884DDD400CE3512 /* TrendingMedia */ = {
			isa = PBXGroup;
			children = (
				0A9588B42884DDD400CE3512 /* AppDelegate.swift */,
				0A9588B62884DDD400CE3512 /* SceneDelegate.swift */,
				0A9588B82884DDD400CE3512 /* ViewController.swift */,
				0A9588BA2884DDD400CE3512 /* Main.storyboard */,
				0A8E2A612884F10F0042442C /* Home.storyboard */,
				0A8E2A632884FE340042442C /* HomeTableViewController.swift */,
				0A8E2A6D288640820042442C /* Intro.storyboard */,
				0A2EF0ED2886A0210052B607 /* Search */,
				0A2EF0EE2886A0320052B607 /* Trending */,
				0A2EF0EF2886A0810052B607 /* Settings */,
				0A2EF0F22886A1030052B607 /* Shopping */,
				0A2EF0EC2886A00B0052B607 /* Extensions */,
				0A9588BD2884DDD600CE3512 /* Assets.xcassets */,
				0A9588BF2884DDD600CE3512 /* LaunchScreen.storyboard */,
				0A9588C22884DDD600CE3512 /* Info.plist */,
			);
			path = TrendingMedia;
			sourceTree = "<group>";
		};
/* End PBXGroup section */

/* Begin PBXNativeTarget section */
		0A9588B02884DDD400CE3512 /* TrendingMedia */ = {
			isa = PBXNativeTarget;
			buildConfigurationList = 0A9588C52884DDD600CE3512 /* Build configuration list for PBXNativeTarget "TrendingMedia" */;
			buildPhases = (
				0A9588AD2884DDD400CE3512 /* Sources */,
				0A9588AE2884DDD400CE3512 /* Frameworks */,
				0A9588AF2884DDD400CE3512 /* Resources */,
			);
			buildRules = (
			);
			dependencies = (
			);
			name = TrendingMedia;
			productName = TrendingMedia;
			productReference = 0A9588B12884DDD400CE3512 /* TrendingMedia.app */;
			productType = "com.apple.product-type.application";
		};
/* End PBXNativeTarget section */

/* Begin PBXProject section */
		0A9588A92884DDD400CE3512 /* Project object */ = {
			isa = PBXProject;
			attributes = {
				BuildIndependentTargetsInParallel = 1;
				LastSwiftUpdateCheck = 1340;
				LastUpgradeCheck = 1340;
				TargetAttributes = {
					0A9588B02884DDD400CE3512 = {
						CreatedOnToolsVersion = 13.4.1;
					};
				};
			};
			buildConfigurationList = 0A9588AC2884DDD400CE3512 /* Build configuration list for PBXProject "TrendingMedia" */;
			compatibilityVersion = "Xcode 13.0";
			developmentRegion = en;
			hasScannedForEncodings = 0;
			knownRegions = (
				en,
				Base,
			);
			mainGroup = 0A9588A82884DDD400CE3512;
			productRefGroup = 0A9588B22884DDD400CE3512 /* Products */;
			projectDirPath = "";
			projectRoot = "";
			targets = (
				0A9588B02884DDD400CE3512 /* TrendingMedia */,
			);
		};
/* End PBXProject section */

/* Begin PBXResourcesBuildPhase section */
		0A9588AF2884DDD400CE3512 /* Resources */ = {
			isa = PBXResourcesBuildPhase;
			buildActionMask = 2147483647;
			files = (
				0A9588C12884DDD600CE3512 /* LaunchScreen.storyboard in Resources */,
				0A9588BE2884DDD600CE3512 /* Assets.xcassets in Resources */,
				0A9588BC2884DDD400CE3512 /* Main.storyboard in Resources */,
				0A8E2A6E288640820042442C /* Intro.storyboard in Resources */,
				0A8E2A622884F10F0042442C /* Home.storyboard in Resources */,
				0A8E2A6C288640540042442C /* Trending.storyboard in Resources */,
				0A2EF0F12886A0F80052B607 /* Shopping.storyboard in Resources */,
				0A8E2A6A288640260042442C /* Search.storyboard in Resources */,
				0A8E2A6628850FD00042442C /* Settings.storyboard in Resources */,
			);
			runOnlyForDeploymentPostprocessing = 0;
		};
/* End PBXResourcesBuildPhase section */

/* Begin PBXSourcesBuildPhase section */
		0A9588AD2884DDD400CE3512 /* Sources */ = {
			isa = PBXSourcesBuildPhase;
			buildActionMask = 2147483647;
			files = (
				0A8E2A76288647920042442C /* UITextField+Extension.swift in Sources */,
				0A2EF0F62886A9640052B607 /* UITableViewCell+Extension.swift in Sources */,
				0A2EF0F42886A1230052B607 /* ShoppingTableViewController.swift in Sources */,
				0A457EE52886CD5F0003A12E /* UIButton+Extension.swift in Sources */,
				0A457EE22886CA610003A12E /* UIColor+Extension.swift in Sources */,
				0A457EE02886C8370003A12E /* UIView+Extension.swift in Sources */,
				0A8E2A7A28864DA00042442C /* BucketListTableViewCell.swift in Sources */,
				0A8E2A7828864BAC0042442C /* BucketListTableViewController.swift in Sources */,
				0A8E2A742886451C0042442C /* UIViewController+Extension.swift in Sources */,
				0A8E2A642884FE340042442C /* HomeTableViewController.swift in Sources */,
				0A8E2A72288644180042442C /* SearchViewController.swift in Sources */,
				0A8E2A6828853BB30042442C /* SettingsTableViewController.swift in Sources */,
				0A457EDE2886C4230003A12E /* ChecklistTableViewCell.swift in Sources */,
				0A9588B92884DDD400CE3512 /* ViewController.swift in Sources */,
				0A9588B52884DDD400CE3512 /* AppDelegate.swift in Sources */,
				0A9588B72884DDD400CE3512 /* SceneDelegate.swift in Sources */,
				0A8E2A70288643FF0042442C /* TrendingViewController.swift in Sources */,
			);
			runOnlyForDeploymentPostprocessing = 0;
		};
/* End PBXSourcesBuildPhase section */

/* Begin PBXVariantGroup section */
		0A9588BA2884DDD400CE3512 /* Main.storyboard */ = {
			isa = PBXVariantGroup;
			children = (
				0A9588BB2884DDD400CE3512 /* Base */,
			);
			name = Main.storyboard;
			sourceTree = "<group>";
		};
		0A9588BF2884DDD600CE3512 /* LaunchScreen.storyboard */ = {
			isa = PBXVariantGroup;
			children = (
				0A9588C02884DDD600CE3512 /* Base */,
			);
			name = LaunchScreen.storyboard;
			sourceTree = "<group>";
		};
/* End PBXVariantGroup section */

/* Begin XCBuildConfiguration section */
		0A9588C32884DDD600CE3512 /* Debug */ = {
			isa = XCBuildConfiguration;
			buildSettings = {
				ALWAYS_SEARCH_USER_PATHS = NO;
				CLANG_ANALYZER_NONNULL = YES;
				CLANG_ANALYZER_NUMBER_OBJECT_CONVERSION = YES_AGGRESSIVE;
				CLANG_CXX_LANGUAGE_STANDARD = "gnu++17";
				CLANG_ENABLE_MODULES = YES;
				CLANG_ENABLE_OBJC_ARC = YES;
				CLANG_ENABLE_OBJC_WEAK = YES;
				CLANG_WARN_BLOCK_CAPTURE_AUTORELEASING = YES;
				CLANG_WARN_BOOL_CONVERSION = YES;
				CLANG_WARN_COMMA = YES;
				CLANG_WARN_CONSTANT_CONVERSION = YES;
				CLANG_WARN_DEPRECATED_OBJC_IMPLEMENTATIONS = YES;
				CLANG_WARN_DIRECT_OBJC_ISA_USAGE = YES_ERROR;
				CLANG_WARN_DOCUMENTATION_COMMENTS = YES;
				CLANG_WARN_EMPTY_BODY = YES;
				CLANG_WARN_ENUM_CONVERSION = YES;
				CLANG_WARN_INFINITE_RECURSION = YES;
				CLANG_WARN_INT_CONVERSION = YES;
				CLANG_WARN_NON_LITERAL_NULL_CONVERSION = YES;
				CLANG_WARN_OBJC_IMPLICIT_RETAIN_SELF = YES;
				CLANG_WARN_OBJC_LITERAL_CONVERSION = YES;
				CLANG_WARN_OBJC_ROOT_CLASS = YES_ERROR;
				CLANG_WARN_QUOTED_INCLUDE_IN_FRAMEWORK_HEADER = YES;
				CLANG_WARN_RANGE_LOOP_ANALYSIS = YES;
				CLANG_WARN_STRICT_PROTOTYPES = YES;
				CLANG_WARN_SUSPICIOUS_MOVE = YES;
				CLANG_WARN_UNGUARDED_AVAILABILITY = YES_AGGRESSIVE;
				CLANG_WARN_UNREACHABLE_CODE = YES;
				CLANG_WARN__DUPLICATE_METHOD_MATCH = YES;
				COPY_PHASE_STRIP = NO;
				DEBUG_INFORMATION_FORMAT = dwarf;
				ENABLE_STRICT_OBJC_MSGSEND = YES;
				ENABLE_TESTABILITY = YES;
				GCC_C_LANGUAGE_STANDARD = gnu11;
				GCC_DYNAMIC_NO_PIC = NO;
				GCC_NO_COMMON_BLOCKS = YES;
				GCC_OPTIMIZATION_LEVEL = 0;
				GCC_PREPROCESSOR_DEFINITIONS = (
					"DEBUG=1",
					"$(inherited)",
				);
				GCC_WARN_64_TO_32_BIT_CONVERSION = YES;
				GCC_WARN_ABOUT_RETURN_TYPE = YES_ERROR;
				GCC_WARN_UNDECLARED_SELECTOR = YES;
				GCC_WARN_UNINITIALIZED_AUTOS = YES_AGGRESSIVE;
				GCC_WARN_UNUSED_FUNCTION = YES;
				GCC_WARN_UNUSED_VARIABLE = YES;
				IPHONEOS_DEPLOYMENT_TARGET = 15.5;
				MTL_ENABLE_DEBUG_INFO = INCLUDE_SOURCE;
				MTL_FAST_MATH = YES;
				ONLY_ACTIVE_ARCH = YES;
				SDKROOT = iphoneos;
				SWIFT_ACTIVE_COMPILATION_CONDITIONS = DEBUG;
				SWIFT_OPTIMIZATION_LEVEL = "-Onone";
			};
			name = Debug;
		};
		0A9588C42884DDD600CE3512 /* Release */ = {
			isa = XCBuildConfiguration;
			buildSettings = {
				ALWAYS_SEARCH_USER_PATHS = NO;
				CLANG_ANALYZER_NONNULL = YES;
				CLANG_ANALYZER_NUMBER_OBJECT_CONVERSION = YES_AGGRESSIVE;
				CLANG_CXX_LANGUAGE_STANDARD = "gnu++17";
				CLANG_ENABLE_MODULES = YES;
				CLANG_ENABLE_OBJC_ARC = YES;
				CLANG_ENABLE_OBJC_WEAK = YES;
				CLANG_WARN_BLOCK_CAPTURE_AUTORELEASING = YES;
				CLANG_WARN_BOOL_CONVERSION = YES;
				CLANG_WARN_COMMA = YES;
				CLANG_WARN_CONSTANT_CONVERSION = YES;
				CLANG_WARN_DEPRECATED_OBJC_IMPLEMENTATIONS = YES;
				CLANG_WARN_DIRECT_OBJC_ISA_USAGE = YES_ERROR;
				CLANG_WARN_DOCUMENTATION_COMMENTS = YES;
				CLANG_WARN_EMPTY_BODY = YES;
				CLANG_WARN_ENUM_CONVERSION = YES;
				CLANG_WARN_INFINITE_RECURSION = YES;
				CLANG_WARN_INT_CONVERSION = YES;
				CLANG_WARN_NON_LITERAL_NULL_CONVERSION = YES;
				CLANG_WARN_OBJC_IMPLICIT_RETAIN_SELF = YES;
				CLANG_WARN_OBJC_LITERAL_CONVERSION = YES;
				CLANG_WARN_OBJC_ROOT_CLASS = YES_ERROR;
				CLANG_WARN_QUOTED_INCLUDE_IN_FRAMEWORK_HEADER = YES;
				CLANG_WARN_RANGE_LOOP_ANALYSIS = YES;
				CLANG_WARN_STRICT_PROTOTYPES = YES;
				CLANG_WARN_SUSPICIOUS_MOVE = YES;
				CLANG_WARN_UNGUARDED_AVAILABILITY = YES_AGGRESSIVE;
				CLANG_WARN_UNREACHABLE_CODE = YES;
				CLANG_WARN__DUPLICATE_METHOD_MATCH = YES;
				COPY_PHASE_STRIP = NO;
				DEBUG_INFORMATION_FORMAT = "dwarf-with-dsym";
				ENABLE_NS_ASSERTIONS = NO;
				ENABLE_STRICT_OBJC_MSGSEND = YES;
				GCC_C_LANGUAGE_STANDARD = gnu11;
				GCC_NO_COMMON_BLOCKS = YES;
				GCC_WARN_64_TO_32_BIT_CONVERSION = YES;
				GCC_WARN_ABOUT_RETURN_TYPE = YES_ERROR;
				GCC_WARN_UNDECLARED_SELECTOR = YES;
				GCC_WARN_UNINITIALIZED_AUTOS = YES_AGGRESSIVE;
				GCC_WARN_UNUSED_FUNCTION = YES;
				GCC_WARN_UNUSED_VARIABLE = YES;
				IPHONEOS_DEPLOYMENT_TARGET = 15.5;
				MTL_ENABLE_DEBUG_INFO = NO;
				MTL_FAST_MATH = YES;
				SDKROOT = iphoneos;
				SWIFT_COMPILATION_MODE = wholemodule;
				SWIFT_OPTIMIZATION_LEVEL = "-O";
				VALIDATE_PRODUCT = YES;
			};
			name = Release;
		};
		0A9588C62884DDD600CE3512 /* Debug */ = {
			isa = XCBuildConfiguration;
			buildSettings = {
				ASSETCATALOG_COMPILER_APPICON_NAME = AppIcon;
				ASSETCATALOG_COMPILER_GLOBAL_ACCENT_COLOR_NAME = AccentColor;
				CODE_SIGN_STYLE = Automatic;
				CURRENT_PROJECT_VERSION = 1;
				GENERATE_INFOPLIST_FILE = YES;
				INFOPLIST_FILE = TrendingMedia/Info.plist;
				INFOPLIST_KEY_UIApplicationSupportsIndirectInputEvents = YES;
				INFOPLIST_KEY_UILaunchStoryboardName = LaunchScreen;
				INFOPLIST_KEY_UIMainStoryboardFile = Main;
				INFOPLIST_KEY_UISupportedInterfaceOrientations_iPad = "UIInterfaceOrientationPortrait UIInterfaceOrientationPortraitUpsideDown UIInterfaceOrientationLandscapeLeft UIInterfaceOrientationLandscapeRight";
				INFOPLIST_KEY_UISupportedInterfaceOrientations_iPhone = "UIInterfaceOrientationPortrait UIInterfaceOrientationLandscapeLeft UIInterfaceOrientationLandscapeRight";
				LD_RUNPATH_SEARCH_PATHS = (
					"$(inherited)",
					"@executable_path/Frameworks",
				);
				MARKETING_VERSION = 1.0;
				PRODUCT_BUNDLE_IDENTIFIER = com.sani.TrendingMedia;
				PRODUCT_NAME = "$(TARGET_NAME)";
				SWIFT_EMIT_LOC_STRINGS = YES;
				SWIFT_VERSION = 5.0;
				TARGETED_DEVICE_FAMILY = "1,2";
			};
			name = Debug;
		};
		0A9588C72884DDD600CE3512 /* Release */ = {
			isa = XCBuildConfiguration;
			buildSettings = {
				ASSETCATALOG_COMPILER_APPICON_NAME = AppIcon;
				ASSETCATALOG_COMPILER_GLOBAL_ACCENT_COLOR_NAME = AccentColor;
				CODE_SIGN_STYLE = Automatic;
				CURRENT_PROJECT_VERSION = 1;
				GENERATE_INFOPLIST_FILE = YES;
				INFOPLIST_FILE = TrendingMedia/Info.plist;
				INFOPLIST_KEY_UIApplicationSupportsIndirectInputEvents = YES;
				INFOPLIST_KEY_UILaunchStoryboardName = LaunchScreen;
				INFOPLIST_KEY_UIMainStoryboardFile = Main;
				INFOPLIST_KEY_UISupportedInterfaceOrientations_iPad = "UIInterfaceOrientationPortrait UIInterfaceOrientationPortraitUpsideDown UIInterfaceOrientationLandscapeLeft UIInterfaceOrientationLandscapeRight";
				INFOPLIST_KEY_UISupportedInterfaceOrientations_iPhone = "UIInterfaceOrientationPortrait UIInterfaceOrientationLandscapeLeft UIInterfaceOrientationLandscapeRight";
				LD_RUNPATH_SEARCH_PATHS = (
					"$(inherited)",
					"@executable_path/Frameworks",
				);
				MARKETING_VERSION = 1.0;
				PRODUCT_BUNDLE_IDENTIFIER = com.sani.TrendingMedia;
				PRODUCT_NAME = "$(TARGET_NAME)";
				SWIFT_EMIT_LOC_STRINGS = YES;
				SWIFT_VERSION = 5.0;
				TARGETED_DEVICE_FAMILY = "1,2";
			};
			name = Release;
		};
/* End XCBuildConfiguration section */

/* Begin XCConfigurationList section */
		0A9588AC2884DDD400CE3512 /* Build configuration list for PBXProject "TrendingMedia" */ = {
			isa = XCConfigurationList;
			buildConfigurations = (
				0A9588C32884DDD600CE3512 /* Debug */,
				0A9588C42884DDD600CE3512 /* Release */,
			);
			defaultConfigurationIsVisible = 0;
			defaultConfigurationName = Release;
		};
		0A9588C52884DDD600CE3512 /* Build configuration list for PBXNativeTarget "TrendingMedia" */ = {
			isa = XCConfigurationList;
			buildConfigurations = (
				0A9588C62884DDD600CE3512 /* Debug */,
				0A9588C72884DDD600CE3512 /* Release */,
			);
			defaultConfigurationIsVisible = 0;
			defaultConfigurationName = Release;
		};
/* End XCConfigurationList section */
	};
	rootObject = 0A9588A92884DDD400CE3512 /* Project object */;
}
